
Microsoft Visual Studio Solution File, Format Version 12.00
# Visual Studio Version 16
VisualStudioVersion = 16.0.31105.61
MinimumVisualStudioVersion = 10.0.40219.1
Project("{FAE04EC0-301F-11D3-BF4B-00C04F79EFBC}") = "TwitterUnfollowAlertScheduler.Worker", "TwitterUnfollowAlertScheduler.Worker\TwitterUnfollowAlertScheduler.Worker.csproj", "{EA7E8CC6-6635-47C7-8395-16AB73AE3A73}"
EndProject
Global
	GlobalSection(SolutionConfigurationPlatforms) = preSolution
		Debug|Any CPU = Debug|Any CPU
		Release|Any CPU = Release|Any CPU
	EndGlobalSection
	GlobalSection(ProjectConfigurationPlatforms) = postSolution
		{EA7E8CC6-6635-47C7-8395-16AB73AE3A73}.Debug|Any CPU.ActiveCfg = Debug|Any CPU
		{EA7E8CC6-6635-47C7-8395-16AB73AE3A73}.Debug|Any CPU.Build.0 = Debug|Any CPU
		{EA7E8CC6-6635-47C7-8395-16AB73AE3A73}.Release|Any CPU.ActiveCfg = Release|Any CPU
		{EA7E8CC6-6635-47C7-8395-16AB73AE3A73}.Release|Any CPU.Build.0 = Release|Any CPU
	EndGlobalSection
	GlobalSection(SolutionProperties) = preSolution
		HideSolutionNode = FALSE
	EndGlobalSection
	GlobalSection(ExtensibilityGlobals) = postSolution
		SolutionGuid = {EDC56ECF-D063-4EF1-9C4E-A15E94D47B8F}
	EndGlobalSection
EndGlobal
